version = 1
revision = 3
requires-python = "==3.12.*"

[[package]]
name = "anyio"
version = "4.15.1"
source = { registry = "https://pypi.org/simple" }
dependencies = [
    { name = "idna" },
    { name = "typing-extensions" },
]
sdist = { url = "https://files.pythonhosted.org/packages/a9/d2/f4d173e22df740bc37b1db102b386ba719b66e95b0f0d751f556b387e6d2/anyio-4.15.1.tar.gz", hash = "sha256:9f28306018cbd6d329e64a36d58256edff76dd996fe423bc957326e578b82a94", size = 276966, upload-time = "2026-09-05T10:42:39.44Z" }
wheels = [
    { url = "https://files.pythonhosted.org/packages/12/b8/4bd346e22b28902df4d651910f5242c28d84e4a5c2435ca5c3f797ed7e2e/anyio-4.15.1-py3-none-any.whl", hash = "sha256:6152fdbbf9a77fdec97731721bebf7c4c44f7c29b424b0065826173efc7ed101", size = 132079, upload-time = "2026-09-05T10:42:37.923Z" },
]

[[package]]
name = "beautifulsoup4"
version = "4.15.0"
source = { registry = "https://pypi.org/simple" }
dependencies = [
    { name = "soupsieve" },
    { name = "typing-extensions" },
]
sdist = { url = "https://files.pythonhosted.org/packages/43/65/318323f98dbee45d42dff61d8f047181bc6f2268a9068cfad035a46be5af/beautifulsoup4-4.15.0.tar.gz", hash = "sha256:288e3ca7d54b06f2ac191970bc275c1939cb46d450b255bf6718b04aa37ab4f7", size = 632571, upload-time = "2026-06-07T16:44:20.453Z" }
wheels = [
    { url = "https://files.pythonhosted.org/packages/88/c6/92fcd42f1ba33e1184263f25bfabf3d27c383410470f169e4b8163bf9c17/beautifulsoup4-4.15.0-py3-none-any.whl", hash = "sha256:d6f88de62e1d4e38ecb1077eb9724cd0eff29d2a08ca16a401e9b9e93f117cf9", size = 109924, upload-time = "2026-06-07T16:44:21.566Z" },
]

[[package]]
name = "blinker"
version = "1.9.0"
source = { registry = "https://pypi.org/simple" }
sdist = { url = "https://files.pythonhosted.org/packages/21/28/9b3f50ce0e048515135495f198351908d99540d69bfdc8c1d15b73dc55ce/blinker-1.9.0.tar.gz", hash = "sha256:b4ce2265a7abece45e7cc896e98dbebe6cead56bcf805a3d23136d145f5445bf", size = 22460, upload-time = "2024-11-08T17:25:47.436Z" }
wheels = [
    { url = "https://files.pythonhosted.org/packages/10/cb/f2ad4230dc2eb1a74edf38f1a38b9b52277f75bef262d8908e60d957e13c/blinker-1.9.0-py3-none-any.whl", hash = "sha256:ba0efaa9080b619ff2f3459d1d500c57bddea4a6b424b60a91141db6fd2f08bc", size = 8458, upload-time = "2024-11-08T17:25:46.184Z" },
]

[[package]]
name = "docutils"
version = "0.23"
source = { registry = "https://pypi.org/simple" }
sdist = { url = "https://files.pythonhosted.org/packages/39/a4/5180d9afc57e8fca05601dd652bdff19604c218814037fe90ffc7625a50a/docutils-0.23.tar.gz", hash = "sha256:746f5060322511280a1e50eb76846ed6bf2342984b2ac04dc42caa1a8d78799e", size = 2303823, upload-time = "2026-05-27T17:41:06.934Z" }
wheels = [
    { url = "https://files.pythonhosted.org/packages/32/91/30151a39f7570f448ed84529390628a651d7f27c87d73c9b887f8189695e/docutils-0.23-py3-none-any.whl", hash = "sha256:25d013af9bf23bc1c7b2b093dff4208166c53a94786c9e447808335ef1185fea", size = 634701, upload-time = "2026-05-27T17:40:58.442Z" },
]

[[package]]
name = "feedgenerator"
version = "2.2.1"
source = { registry = "https://pypi.org/simple" }
dependencies = [
    { name = "tzdata", marker = "sys_platform == 'win32'" },
]
sdist = { url = "https://files.pythonhosted.org/packages/b0/d2/f05e9f4628cb0df988de66f8a97dd52877490e6ebf8e7b41cd341bf2ad6b/feedgenerator-2.2.1.tar.gz", hash = "sha256:0eaa955f1f0bcb5b87ac195af740f06ff9fff4a40ed30b8a7c6bbebb264d4dd1", size = 20872, upload-time = "2025-08-17T19:36:53.48Z" }
wheels = [
    { url = "https://files.pythonhosted.org/packages/b9/08/6f74bef4663fb137fa10b493facce85bee8c055b67fbd9a7695d88e3d1a3/feedgenerator-2.2.1-py3-none-any.whl", hash = "sha256:0d8bb321e49dd43c916b659e137c1eab1b1c053dd4535a03ef8d47e5f3358ba5", size = 18495, upload-time = "2025-08-17T19:36:52.036Z" },
]

[[package]]
name = "idna"
version = "3.19"
source = { registry = "https://pypi.org/simple" }
sdist = { url = "https://files.pythonhosted.org/packages/5f/f7/abb373e5757eaec4b922b92f97ec8d6d7e057cf06778247604fbc4e7c3f3/idna-3.19.tar.gz", hash = "sha256:5e0811a4383b21dc5838069f801c4fb62113b7447663d2530d2bd6e77b49bf15", size = 215237, upload-time = "2026-08-18T05:14:24.27Z" }
wheels = [
    { url = "https://files.pythonhosted.org/packages/57/b0/0e52c878c53f245edd3a11020f20979b3f490f245af532c7cae3027754b5/idna-3.19-py3-none-any.whl", hash = "sha256:815e7be7a7806d54abb586dc943addc79e8b2ee16915059658cbeff4b1b43bf4", size = 68550, upload-time = "2026-08-18T05:14:22.343Z" },
]

[[package]]
name = "jinja2"
version = "3.1.6"
source = { registry = "https://pypi.org/simple" }
dependencies = [
    { name = "markupsafe" },
]
sdist = { url = "https://files.pythonhosted.org/packages/df/bf/f7da0350254c0ed7c72f3e33cef02e048281fec7ecec5f032d4aac52226b/jinja2-3.1.6.tar.gz", hash = "sha256:0137fb05990d35f1275a587e9aee6d56da821fc83491a0fb838183be43f66d6d", size = 245115, upload-time = "2025-03-05T20:05:02.478Z" }
wheels = [
    { url = "https://files.pythonhosted.org/packages/62/a1/3d680cbfd5f4b8f15abc1d571870c5fc3e594bb582bc3b64ea099db13e56/jinja2-3.1.6-py3-none-any.whl", hash = "sha256:85ece4451f492d0c13c5dd7c13a64681a86afae63a5f347908daf103ce6d2f67", size = 134899, upload-time = "2025-03-05T20:05:00.369Z" },
]

[[package]]
name = "markdown"
version = "3.8.2"
source = { registry = "https://pypi.org/simple" }
sdist = { url = "https://files.pythonhosted.org/packages/d7/c2/4ab49206c17f75cb08d6311171f2d65798988db4360c4d1485bd0eedd67c/markdown-3.8.2.tar.gz", hash = "sha256:247b9a70dd12e27f67431ce62523e675b866d254f900c4fe75ce3dda62237c45", size = 362071, upload-time = "2025-06-19T17:12:44.483Z" }
wheels = [
    { url = "https://files.pythonhosted.org/packages/96/2b/34cc11786bc00d0f04d0f5fdc3a2b1ae0b6239eef72d3d345805f9ad92a1/markdown-3.8.2-py3-none-any.whl", hash = "sha256:5c83764dbd4e00bdd94d85a19b8d55ccca20fe35b2e678a1422b380324dd5f24", size = 106827, upload-time = "2025-06-19T17:12:42.994Z" },
]

[[package]]
name = "markdown-it-py"
version = "4.2.0"
source = { registry = "https://pypi.org/simple" }
dependencies = [
    { name = "mdurl" },
]
sdist = { url = "https://files.pythonhosted.org/packages/06/ff/7841249c247aa650a76b9ee4bbaeae59370dc8bfd2f6c01f3630c35eb134/markdown_it_py-4.2.0.tar.gz", hash = "sha256:04a21681d6fbb623de53f6f364d352309d4094dd4194040a10fd51833e418d49", size = 82454, upload-time = "2026-05-07T12:08:28.36Z" }
wheels = [
    { url = "https://files.pythonhosted.org/packages/b3/81/4da04ced5a082363ecfa159c010d200ecbd959ae410c10c0264a38cac0f5/markdown_it_py-4.2.0-py3-none-any.whl", hash = "sha256:9f7ebbcd14fe59494226453aed97c1070d83f8d24b6fc3a3bcf9a38092641c4a", size = 91687, upload-time = "2026-05-07T12:08:27.182Z" },
]

[[package]]
name = "markupsafe"
version = "3.0.3"
source = { registry = "https://pypi.org/simple" }
sdist = { url = "https://files.pythonhosted.org/packages/7e/99/7690b6d4034fffd95959cbe0c02de8deb3098cc577c67bb6a24fe5d7caa7/markupsafe-3.0.3.tar.gz", hash = "sha256:722695808f4b6457b320fdc131280796bdceb04ab50fe1795cd540799ebe1698", size = 80313, upload-time = "2025-09-27T18:37:40.426Z" }
wheels = [
    { url = "https://files.pythonhosted.org/packages/5a/72/147da192e38635ada20e0a2e1a51cf8823d2119ce8883f7053879c2199b5/markupsafe-3.0.3-cp312-cp312-macosx_10_13_x86_64.whl", hash = "sha256:d53197da72cc091b024dd97249dfc7794d6a56530370992a5e1a08983ad9230e", size = 11615, upload-time = "2025-09-27T18:36:30.854Z" },
    { url = "https://files.pythonhosted.org/packages/9a/81/7e4e08678a1f98521201c3079f77db69fb552acd56067661f8c2f534a718/markupsafe-3.0.3-cp312-cp312-macosx_11_0_arm64.whl", hash = "sha256:1872df69a4de6aead3491198eaf13810b565bdbeec3ae2dc8780f14458ec73ce", size = 12020, upload-time = "2025-09-27T18:36:31.971Z" },
    { url = "https://files.pythonhosted.org/packages/1e/2c/799f4742efc39633a1b54a92eec4082e4f815314869865d876824c257c1e/markupsafe-3.0.3-cp312-cp312-manylinux2014_aarch64.manylinux_2_17_aarch64.manylinux_2_28_aarch64.whl", hash = "sha256:3a7e8ae81ae39e62a41ec302f972ba6ae23a5c5396c8e60113e9066ef893da0d", size = 24332, upload-time = "2025-09-27T18:36:32.813Z" },
    { url = "https://files.pythonhosted.org/packages/3c/2e/8d0c2ab90a8c1d9a24f0399058ab8519a3279d1bd4289511d74e909f060e/markupsafe-3.0.3-cp312-cp312-manylinux2014_x86_64.manylinux_2_17_x86_64.manylinux_2_28_x86_64.whl", hash = "sha256:d6dd0be5b5b189d31db7cda48b91d7e0a9795f31430b7f271219ab30f1d3ac9d", size = 22947, upload-time = "2025-09-27T18:36:33.86Z" },
    { url = "https://files.pythonhosted.org/packages/2c/54/887f3092a85238093a0b2154bd629c89444f395618842e8b0c41783898ea/markupsafe-3.0.3-cp312-cp312-manylinux_2_31_riscv64.manylinux_2_39_riscv64.whl", hash = "sha256:94c6f0bb423f739146aec64595853541634bde58b2135f27f61c1ffd1cd4d16a", size = 21962, upload-time = "2025-09-27T18:36:35.099Z" },
    { url = "https://files.pythonhosted.org/packages/c9/2f/336b8c7b6f4a4d95e91119dc8521402461b74a485558d8f238a68312f11c/markupsafe-3.0.3-cp312-cp312-musllinux_1_2_aarch64.whl", hash = "sha256:be8813b57049a7dc738189df53d69395eba14fb99345e0a5994914a3864c8a4b", size = 23760, upload-time = "2025-09-27T18:36:36.001Z" },
    { url = "https://files.pythonhosted.org/packages/32/43/67935f2b7e4982ffb50a4d169b724d74b62a3964bc1a9a527f5ac4f1ee2b/markupsafe-3.0.3-cp312-cp312-musllinux_1_2_riscv64.whl", hash = "sha256:83891d0e9fb81a825d9a6d61e3f07550ca70a076484292a70fde82c4b807286f", size = 21529, upload-time = "2025-09-27T18:36:36.906Z" },
    { url = "https://files.pythonhosted.org/packages/89/e0/4486f11e51bbba8b0c041098859e869e304d1c261e59244baa3d295d47b7/markupsafe-3.0.3-cp312-cp312-musllinux_1_2_x86_64.whl", hash = "sha256:77f0643abe7495da77fb436f50f8dab76dbc6e5fd25d39589a0f1fe6548bfa2b", size = 23015, upload-time = "2025-09-27T18:36:37.868Z" },
    { url = "https://files.pythonhosted.org/packages/2f/e1/78ee7a023dac597a5825441ebd17170785a9dab23de95d2c7508ade94e0e/markupsafe-3.0.3-cp312-cp312-win32.whl", hash = "sha256:d88b440e37a16e651bda4c7c2b930eb586fd15ca7406cb39e211fcff3bf3017d", size = 14540, upload-time = "2025-09-27T18:36:38.761Z" },
    { url = "https://files.pythonhosted.org/packages/aa/5b/bec5aa9bbbb2c946ca2733ef9c4ca91c91b6a24580193e891b5f7dbe8e1e/markupsafe-3.0.3-cp312-cp312-win_amd64.whl", hash = "sha256:26a5784ded40c9e318cfc2bdb30fe164bdb8665ded9cd64d500a34fb42067b1c", size = 15105, upload-time = "2025-09-27T18:36:39.701Z" },
    { url = "https://files.pythonhosted.org/packages/e5/f1/216fc1bbfd74011693a4fd837e7026152e89c4bcf3e77b6692fba9923123/markupsafe-3.0.3-cp312-cp312-win_arm64.whl", hash = "sha256:35add3b638a5d900e807944a078b51922212fb3dedb01633a8defc4b01a3c85f", size = 13906, upload-time = "2025-09-27T18:36:40.689Z" },
]

[[package]]
name = "mdurl"
version = "0.1.2"
source = { registry = "https://pypi.org/simple" }
sdist = { url = "https://files.pythonhosted.org/packages/d6/54/cfe61301667036ec958cb99bd3efefba235e65cdeb9c84d24a8293ba1d90/mdurl-0.1.2.tar.gz", hash = "sha256:bb413d29f5eea38f31dd4754dd7377d4465116fb207585f97bf925588687c1ba", size = 8729, upload-time = "2022-08-14T12:40:10.846Z" }
wheels = [
    { url = "https://files.pythonhosted.org/packages/b3/38/89ba8ad64ae25be8de66a6d463314cf1eb366222074cfda9ee839c56a4b4/mdurl-0.1.2-py3-none-any.whl", hash = "sha256:84008a41e51615a49fc9966191ff91509e3c40b939176e643fd50a5c2196b8f8", size = 9979, upload-time = "2022-08-14T12:40:09.779Z" },
]

[[package]]
name = "ordered-set"
version = "4.1.0"
source = { registry = "https://pypi.org/simple" }
sdist = { url = "https://files.pythonhosted.org/packages/4c/ca/bfac8bc689799bcca4157e0e0ced07e70ce125193fc2e166d2e685b7e2fe/ordered-set-4.1.0.tar.gz", hash = "sha256:694a8e44c87657c59292ede72891eb91d34131f6531463aab3009191c77364a8", size = 12826, upload-time = "2022-01-26T14:38:56.6Z" }
wheels = [
    { url = "https://files.pythonhosted.org/packages/33/55/af02708f230eb77084a299d7b08175cff006dea4f2721074b92cdb0296c0/ordered_set-4.1.0-py3-none-any.whl", hash = "sha256:046e1132c71fcf3330438a539928932caf51ddbc582496833e23de611de14562", size = 7634, upload-time = "2022-01-26T14:38:48.677Z" },
]

[[package]]
name = "pelican"
version = "4.12.0"
source = { registry = "https://pypi.org/simple" }
dependencies = [
    { name = "blinker" },
    { name = "docutils" },
    { name = "feedgenerator" },
    { name = "jinja2" },
    { name = "ordered-set" },
    { name = "pygments" },
    { name = "python-dateutil" },
    { name = "rich" },
    { name = "tzdata", marker = "sys_platform == 'win32'" },
    { name = "unidecode" },
    { name = "watchfiles" },
]
sdist = { url = "https://files.pythonhosted.org/packages/c4/8d/da26b77f0d9827d341bdedea357ccb5670717e3a9b4142e3e44c7f34db44/pelican-4.12.0.tar.gz", hash = "sha256:3983b5d2dc84c7bdf967154359077a2b78c0bbd2f7dcc55292133a7779609458", size = 1252907, upload-time = "2026-04-20T15:30:17.322Z" }
wheels = [
    { url = "https://files.pythonhosted.org/packages/6e/55/4adcce41a45f8f77e69d7e84ea447819dae1a78b4b9762a104599e5ec811/pelican-4.12.0-py3-none-any.whl", hash = "sha256:3697230f56cfcca9e98d3ac9ac26f655bb20cad807f7eacf156601e241f69ad8", size = 1358275, upload-time = "2026-04-20T15:30:15.383Z" },
]

[[package]]
name = "pelican-render-math"
version = "1.0.5"
source = { registry = "https://pypi.org/simple" }
dependencies = [
    { name = "pelican" },
]
sdist = { url = "https://files.pythonhosted.org/packages/39/ce/b7ca0f603d78811b944951ad2f83f28ad3018ef1b3653221deef81e068c5/pelican_render_math-1.0.5.tar.gz", hash = "sha256:dfb36fb5cb62f40ee05d747f47207ec15511f8d77635def8c22a00846cca742b", size = 29453, upload-time = "2025-10-22T09:13:58.185Z" }
wheels = [
    { url = "https://files.pythonhosted.org/packages/51/0e/368abb67e18c4ce965ce88cf96aa67c6cb8be2f8e0b2ed1ec1f306be5dad/pelican_render_math-1.0.5-py3-none-any.whl", hash = "sha256:6383b798aba721ed033a67bbc71c8f555b72c7d35e22a32477c958286f719eca", size = 28788, upload-time = "2025-10-22T09:13:56.792Z" },
]

[[package]]
name = "pygments"
version = "2.19.2"
source = { registry = "https://pypi.org/simple" }
sdist = { url = "https://files.pythonhosted.org/packages/b0/77/a5b8c569bf593b0140bde72ea885a803b82086995367bf2037de0159d924/pygments-2.19.2.tar.gz", hash = "sha256:636cb2477cec7f8952536970bc533bc43743542f70392ae026374600add5b887", size = 4968631, upload-time = "2025-06-21T13:39:12.283Z" }
wheels = [
    { url = "https://files.pythonhosted.org/packages/c7/21/705964c7812476f378728bdf590ca4b771ec72385c533964653c68e86bdc/pygments-2.19.2-py3-none-any.whl", hash = "sha256:86540386c03d588bb81d44bc3928634ff26449851e99741617ecb9037ee5ec0b", size = 1225217, upload-time = "2025-06-21T13:39:07.939Z" },
]

[[package]]
name = "python-dateutil"
version = "2.9.0.post0"
source = { registry = "https://pypi.org/simple" }
dependencies = [
    { name = "six" },
]
sdist = { url = "https://files.pythonhosted.org/packages/66/c0/0c8b6ad9f17a802ee498c46e004a0eb49bc148f2fd230864601a86dcf6db/python-dateutil-2.9.0.post0.tar.gz", hash = "sha256:37dd54208da7e1cd875388217d5e00ebd4179249f90fb72437e91a35459a0ad3", size = 342432, upload-time = "2024-03-01T18:36:20.211Z" }
wheels = [
    { url = "https://files.pythonhosted.org/packages/ec/57/56b9bcc3c9c6a792fcbaf139543cee77261f3651ca9da0c93f5c1221264b/python_dateutil-2.9.0.post0-py2.py3-none-any.whl", hash = "sha256:a8b2bc7bffae282281c8140a97d3aa9c14da0b136dfe83f850eea9a5f7470427", size = 229892, upload-time = "2024-03-01T18:36:18.57Z" },
]

[[package]]
name = "rich"
version = "15.0.0"
source = { registry = "https://pypi.org/simple" }
dependencies = [
    { name = "markdown-it-py" },
    { name = "pygments" },
]
sdist = { url = "https://files.pythonhosted.org/packages/c0/8f/0722ca900cc807c13a6a0c696dacf35430f72e0ec571c4275d2371fca3e9/rich-15.0.0.tar.gz", hash = "sha256:edd07a4824c6b40189fb7ac9bc4c52536e9780fbbfbddf6f1e2502c31b068c36", size = 230680, upload-time = "2026-04-12T08:24:00.75Z" }
wheels = [
    { url = "https://files.pythonhosted.org/packages/82/3b/64d4899d73f91ba49a8c18a8ff3f0ea8f1c1d75481760df8c68ef5235bf5/rich-15.0.0-py3-none-any.whl", hash = "sha256:33bd4ef74232fb73fe9279a257718407f169c09b78a87ad3d296f548e27de0bb", size = 310654, upload-time = "2026-04-12T08:24:02.83Z" },
]

[[package]]
name = "six"
version = "1.17.0"
source = { registry = "https://pypi.org/simple" }
sdist = { url = "https://files.pythonhosted.org/packages/94/e7/b2c673351809dca68a0e064b6af791aa332cf192da575fd474ed7d6f16a2/six-1.17.0.tar.gz", hash = "sha256:ff70335d468e7eb6ec65b95b99d3a2836546063f63acc5171de367e834932a81", size = 34031, upload-time = "2024-12-04T17:35:28.174Z" }
wheels = [
    { url = "https://files.pythonhosted.org/packages/b7/ce/149a00dd41f10bc29e5921b496af8b574d8413afcd5e30dfa0ed46c2cc5e/six-1.17.0-py2.py3-none-any.whl", hash = "sha256:4721f391ed90541fddacab5acf947aa0d3dc7d27b2e1e8eda2be8970586c3274", size = 11050, upload-time = "2024-12-04T17:35:26.475Z" },
]

[[package]]
name = "soupsieve"
version = "2.9.2"
source = { registry = "https://pypi.org/simple" }
sdist = { url = "https://files.pythonhosted.org/packages/69/99/a6ca3beb3ccacb41fb3321d8a60e5566f9e6467601ef8eba6a17e1b89778/soupsieve-2.9.2.tar.gz", hash = "sha256:4a55d8cf158a9c2e587fa4922f1bbb91d68ac829e2d6f25403a85747c71daf74", size = 122445, upload-time = "2026-08-07T00:57:24.801Z" }
wheels = [
    { url = "https://files.pythonhosted.org/packages/eb/dc/ad025c1ee131eba60c69f4dd5779b18fcf1e6b21a343e2162a84d5d133c7/soupsieve-2.9.2-py3-none-any.whl", hash = "sha256:8089a26fd974ca7a1f30276d3d8492ab266ab15af581642dfe8aa162e0c1c823", size = 37370, upload-time = "2026-08-07T00:57:23.524Z" },
]

[[package]]
name = "thinking-in-tokens"
version = "0.1.0"
source = { virtual = "." }
dependencies = [
    { name = "beautifulsoup4" },
    { name = "markdown" },
    { name = "pelican" },
    { name = "pelican-render-math" },
]

[package.metadata]
requires-dist = [
    { name = "beautifulsoup4", specifier = ">=4.15.0" },
    { name = "markdown", specifier = "==3.8.2" },
    { name = "pelican", specifier = "==4.12.0" },
    { name = "pelican-render-math", specifier = ">=1.0.5" },
]

[[package]]
name = "typing-extensions"
version = "4.16.0"
source = { registry = "https://pypi.org/simple" }
sdist = { url = "https://files.pythonhosted.org/packages/f6/cc/6253133b5bb138fc3306cebfbda2c520f545d36b5be2c7255cc528bb45d6/typing_extensions-4.16.0.tar.gz", hash = "sha256:dc983d19a509c94dba722ee6abd33940f7c05a89e243c47e907eb4db6f1a43e5", size = 113555, upload-time = "2026-07-02T08:40:05.92Z" }
wheels = [
    { url = "https://files.pythonhosted.org/packages/49/d3/b8441a820a491ddfc024b0b0cf0393375b75ea13866d9c66727e54c2fc80/typing_extensions-4.16.0-py3-none-any.whl", hash = "sha256:481caa481374e813c1b176ada14e97f1f67a4539ce9cfeb3f350d78d6370c2e8", size = 45571, upload-time = "2026-07-02T08:40:04.659Z" },
]

[[package]]
name = "tzdata"
version = "2026.3"
source = { registry = "https://pypi.org/simple" }
sdist = { url = "https://files.pythonhosted.org/packages/92/ff/5a28bdfd8c3ebec42564ac7d0e54ca3db65044a9314a97f9564fa7a1e926/tzdata-2026.3.tar.gz", hash = "sha256:4a1518b8993086a7982523e071643f3c0e5f213e75b21318e78bcabfff9d1415", size = 198674, upload-time = "2026-07-10T08:50:37.887Z" }
wheels = [
    { url = "https://files.pythonhosted.org/packages/e5/6d/b53b99a9f2766d095985947a5782f1702cabb129a34f7a802d7197af832f/tzdata-2026.3-py2.py3-none-any.whl", hash = "sha256:dc096730c87af6cab1b171c9d532be840741ff5d459015e7f6947bd7d7e54931", size = 348168, upload-time = "2026-07-10T08:50:36.46Z" },
]

[[package]]
name = "unidecode"
version = "1.4.0"
source = { registry = "https://pypi.org/simple" }
sdist = { url = "https://files.pythonhosted.org/packages/94/7d/a8a765761bbc0c836e397a2e48d498305a865b70a8600fd7a942e85dcf63/Unidecode-1.4.0.tar.gz", hash = "sha256:ce35985008338b676573023acc382d62c264f307c8f7963733405add37ea2b23", size = 200149, upload-time = "2025-04-24T08:45:03.798Z" }
wheels = [
    { url = "https://files.pythonhosted.org/packages/8f/b7/559f59d57d18b44c6d1250d2eeaa676e028b9c527431f5d0736478a73ba1/Unidecode-1.4.0-py3-none-any.whl", hash = "sha256:c3c7606c27503ad8d501270406e345ddb480a7b5f38827eafe4fa82a137f0021", size = 235837, upload-time = "2025-04-24T08:45:01.609Z" },
]

[[package]]
name = "watchfiles"
version = "1.2.0"
source = { registry = "https://pypi.org/simple" }
dependencies = [
    { name = "anyio" },
]
sdist = { url = "https://files.pythonhosted.org/packages/cd/41/5e1a4bb12aac5f1493fa1bdc11154eca3b258ca4eba65d39c473fe19d8e9/watchfiles-1.2.0.tar.gz", hash = "sha256:c995fba777f1ea992f090f9236e9284cf7a5d1a0130dd5a3d82c598cacd76838", size = 108252, upload-time = "2026-05-18T04:32:04.251Z" }
wheels = [
    { url = "https://files.pythonhosted.org/packages/b8/2f/e42c992d2afda3108ea1c02acecc991b9f31d05c14adc2a7cee9ee211fc4/watchfiles-1.2.0-cp312-cp312-macosx_10_12_x86_64.whl", hash = "sha256:bc13eb17538be00c874699dc0abe4ee2bc8d50bb1166a6b9e175ef3fd7eb8f26", size = 400115, upload-time = "2026-05-18T04:32:02.06Z" },
    { url = "https://files.pythonhosted.org/packages/5f/8f/6af2ea19065c91d8b0ea3516fdfc8c0d349f407e8e9fbf4e5a17360de8ad/watchfiles-1.2.0-cp312-cp312-macosx_11_0_arm64.whl", hash = "sha256:2d95ddc1eb6914154253d239089900813f6a767e174b8e6a50e7fdacb7e4236c", size = 393659, upload-time = "2026-05-18T04:30:50.951Z" },
    { url = "https://files.pythonhosted.org/packages/13/01/b32a967c56fb3e3e5be3db52c3d3b87fa4513aa367d8ed1ad96d42952e5f/watchfiles-1.2.0-cp312-cp312-manylinux_2_17_aarch64.manylinux2014_aarch64.whl", hash = "sha256:8f70d8b291ef6e88d19b1f297a6905ddb978888d9272b0d05e6f53309856bcfc", size = 453207, upload-time = "2026-05-18T04:31:04.231Z" },
    { url = "https://files.pythonhosted.org/packages/04/98/97557a812180338cb1abd32e1cffcc4588f59b5f23e0cb006b2ba95ba64a/watchfiles-1.2.0-cp312-cp312-manylinux_2_17_armv7l.manylinux2014_armv7l.whl", hash = "sha256:56d8641cf834c2836922899105bd3ce3d0dfc69291d52edf0b4d0436829b34c0", size = 459273, upload-time = "2026-05-18T04:31:50.377Z" },
    { url = "https://files.pythonhosted.org/packages/e8/a8/b4b08dcb7653b8087c6586f7ce649505900e866bbcfe40dc9587af02e686/watchfiles-1.2.0-cp312-cp312-manylinux_2_17_i686.manylinux2014_i686.whl", hash = "sha256:2581a94056e55d7d0a31a823ea92bf73749c489ca2285bfdc0fbe6b2bb49d50c", size = 489927, upload-time = "2026-05-18T04:31:42.485Z" },
    { url = "https://files.pythonhosted.org/packages/50/94/3dceea03545d2e5ddfd839f0ddd5e1cecbf1697b5a428d5ba11cef6af95d/watchfiles-1.2.0-cp312-cp312-manylinux_2_17_ppc64le.manylinux2014_ppc64le.whl", hash = "sha256:41bc1199f7523b3f82843c88cbb979180c949caef0342cf90968f178e5d49b01", size = 570476, upload-time = "2026-05-18T04:31:03.071Z" },
    { url = "https://files.pythonhosted.org/packages/cc/f2/d39a5450c3532092b91f81d274360e613c2371bc874a89c7a1a3c5e8d138/watchfiles-1.2.0-cp312-cp312-manylinux_2_17_s390x.manylinux2014_s390x.whl", hash = "sha256:7571e4464cb6e434958f867f7f730b8ab0b75e3f8e5eac0499168486ab3c33a8", size = 465650, upload-time = "2026-05-18T04:30:12.701Z" },
    { url = "https://files.pythonhosted.org/packages/22/24/ed72f68cbc1333ca9b9f2200aa048bb6658ae41709bc1caad4310f4bdffd/watchfiles-1.2.0-cp312-cp312-manylinux_2_17_x86_64.manylinux2014_x86_64.whl", hash = "sha256:e53a384f76b631c3ae5334ce6a52f0baa3a911eb94a4eac7f160079868b716d5", size = 456398, upload-time = "2026-05-18T04:30:13.784Z" },
    { url = "https://files.pythonhosted.org/packages/0d/64/982ef4a4e5bab5b6e5b6becc8cd5e732f6130a78b855f0abec6439a9a135/watchfiles-1.2.0-cp312-cp312-manylinux_2_31_riscv64.whl", hash = "sha256:d20029a60a71a052a24c4db7673bc4de39ab89adbaccbfb5d67987c5d73f424d", size = 465140, upload-time = "2026-05-18T04:31:52.111Z" },
    { url = "https://files.pythonhosted.org/packages/a0/0c/95282abf4ed680b6096010bcfc30c5fa7a041fc5aa5a2ad17a2cc6c75bba/watchfiles-1.2.0-cp312-cp312-musllinux_1_1_aarch64.whl", hash = "sha256:2cb93af48550faf1cea04c303107c8b75833de7013e57ce27d3b8d21d8d0f58c", size = 630259, upload-time = "2026-05-18T04:31:25.676Z" },
    { url = "https://files.pythonhosted.org/packages/30/45/607c1de1530c4bdcf2cf1d1ecc2505ddba5d96bd43ba9f2b0e79876f850f/watchfiles-1.2.0-cp312-cp312-musllinux_1_1_x86_64.whl", hash = "sha256:2995c176de7692b86a2e4c58d9ec718f753150a979cb4a754e2b4ffa38e70906", size = 659859, upload-time = "2026-05-18T04:30:24.333Z" },
    { url = "https://files.pythonhosted.org/packages/fa/08/d9e2e0f9e8e6791d33aefc694ad7eefa7f901f63caff84a81ded38692f9c/watchfiles-1.2.0-cp312-cp312-win32.whl", hash = "sha256:7a2cffd17d27d2ecbb310c2b1d8174f222a5495b1a721894afa88ec11e25b898", size = 275480, upload-time = "2026-05-18T04:30:31.307Z" },
    { url = "https://files.pythonhosted.org/packages/1c/e6/9d42569c0102645cc8cea5d8c7d8a1e9d4ada2cb7f05f75e554b8aa2202a/watchfiles-1.2.0-cp312-cp312-win_amd64.whl", hash = "sha256:f155b3a1b2a5fc89cdc70d47ee5d54e3b75e88efa34982028a35daef9ba00379", size = 288718, upload-time = "2026-05-18T04:32:10.745Z" },
    { url = "https://files.pythonhosted.org/packages/0a/26/88e0dc6ee3898169d7fa22bb6a69cabf2502d2ee25cb8c876d1262d204f8/watchfiles-1.2.0-cp312-cp312-win_arm64.whl", hash = "sha256:8fa585ede612ee9f9e91b18bebf9ba11b9ae29a4e3a0d0cf6fca3e382133f0d5", size = 281026, upload-time = "2026-05-18T04:30:22.23Z" },
]
